// !$*UTF8*$!
{
	archiveVersion = 1;
	classes = {
	};
	objectVersion = 77;
	objects = {

/* Begin PBXBuildFile section */
		F10871572CD8B55C00A3987E /* ResizeBar.swift in Sources */ = {isa = PBXBuildFile; fileRef = F10871562CD8B55C00A3987E /* ResizeBar.swift */; };
		F114EE5D2CDD831700E2EDA5 /* MotionManager.swift in Sources */ = {isa = PBXBuildFile; fileRef = F114EE5C2CDD831700E2EDA5 /* MotionManager.swift */; };
		F117D5AB2E136DA00048C2B7 /* ContentView.swift in Sources */ = {isa = PBXBuildFile; fileRef = F117D5AA2E136DA00048C2B7 /* ContentView.swift */; };
		F142BFA82E369E2E00CA294D /* FirebaseCore in Frameworks */ = {isa = PBXBuildFile; productRef = F142BFA72E369E2E00CA294D /* FirebaseCore */; };
		F142BFAA2E36A01B00CA294D /* GoogleService-Info.plist in Resources */ = {isa = PBXBuildFile; fileRef = F142BFA92E36A01A00CA294D /* GoogleService-Info.plist */; };
		F142BFAC2E36A0F900CA294D /* FirebaseStorage in Frameworks */ = {isa = PBXBuildFile; productRef = F142BFAB2E36A0F900CA294D /* FirebaseStorage */; };
		F142BFAE2E36A2F800CA294D /* FirebaseDatabase in Frameworks */ = {isa = PBXBuildFile; productRef = F142BFAD2E36A2F800CA294D /* FirebaseDatabase */; };
		F142BFB02E36A2F800CA294D /* FirebaseFirestore in Frameworks */ = {isa = PBXBuildFile; productRef = F142BFAF2E36A2F800CA294D /* FirebaseFirestore */; };
		F142BFB22E380F9A00CA294D /* OnboardingView.swift in Sources */ = {isa = PBXBuildFile; fileRef = F142BFB12E380F9A00CA294D /* OnboardingView.swift */; };
		F1439D7E2CC9F8E3000BD920 /* Lovetle.otf in Resources */ = {isa = PBXBuildFile; fileRef = F1439D4C2CC9F8E3000BD920 /* Lovetle.otf */; };
		F1439D7F2CC9F8E3000BD920 /* Shape.otf in Resources */ = {isa = PBXBuildFile; fileRef = F1439D4D2CC9F8E3000BD920 /* Shape.otf */; };
		F1439D802CC9F8E3000BD920 /* Preview Assets.xcassets in Resources */ = {isa = PBXBuildFile; fileRef = F1439D532CC9F8E3000BD920 /* Preview Assets.xcassets */; };
		F1439D812CC9F8E3000BD920 /* Assets.xcassets in Resources */ = {isa = PBXBuildFile; fileRef = F1439D7B2CC9F8E3000BD920 /* Assets.xcassets */; };
		F1439D8C2CC9F8E3000BD920 /* Color.swift in Sources */ = {isa = PBXBuildFile; fileRef = F1439D572CC9F8E3000BD920 /* Color.swift */; };
		F1439D8D2CC9F8E3000BD920 /* Device.swift in Sources */ = {isa = PBXBuildFile; fileRef = F1439D582CC9F8E3000BD920 /* Device.swift */; };
		F1439D8F2CC9F8E3000BD920 /* Haptics.swift in Sources */ = {isa = PBXBuildFile; fileRef = F1439D5A2CC9F8E3000BD920 /* Haptics.swift */; };
		F1439D912CC9F8E3000BD920 /* ContentViewModel.swift in Sources */ = {isa = PBXBuildFile; fileRef = F1439D5D2CC9F8E3000BD920 /* ContentViewModel.swift */; };
		F1439D9B2CC9F8E3000BD920 /* BackgroundView.swift in Sources */ = {isa = PBXBuildFile; fileRef = F1439D6D2CC9F8E3000BD920 /* BackgroundView.swift */; };
		F1439DA22CC9F8E3000BD920 /* ControlsView.swift in Sources */ = {isa = PBXBuildFile; fileRef = F1439D742CC9F8E3000BD920 /* ControlsView.swift */; };
		F1439DA42CC9F8E3000BD920 /* PrompterView.swift in Sources */ = {isa = PBXBuildFile; fileRef = F1439D762CC9F8E3000BD920 /* PrompterView.swift */; };
		F1439DA52CC9F8E3000BD920 /* SettingsView.swift in Sources */ = {isa = PBXBuildFile; fileRef = F1439D772CC9F8E3000BD920 /* SettingsView.swift */; };
		F1439DA62CC9F8E3000BD920 /* TelepromterApp.swift in Sources */ = {isa = PBXBuildFile; fileRef = F1439D782CC9F8E3000BD920 /* TelepromterApp.swift */; };
		F1439DA72CC9F8E3000BD920 /* TextinputView.swift in Sources */ = {isa = PBXBuildFile; fileRef = F1439D792CC9F8E3000BD920 /* TextinputView.swift */; };
		F14B83EE2DFB5E9E00471FA7 /* VideoCameraViewModel.swift in Sources */ = {isa = PBXBuildFile; fileRef = F14B83ED2DFB5E9E00471FA7 /* VideoCameraViewModel.swift */; };
		F14B83F02DFB5F6500471FA7 /* CameraView.swift in Sources */ = {isa = PBXBuildFile; fileRef = F14B83EF2DFB5F6500471FA7 /* CameraView.swift */; };
		F14B83F42DFB9E9400471FA7 /* Helper.swift in Sources */ = {isa = PBXBuildFile; fileRef = F14B83F32DFB9E8D00471FA7 /* Helper.swift */; };
		F18A5DF82E2B20F800A88F7F /* PaywallView.swift in Sources */ = {isa = PBXBuildFile; fileRef = F18A5DF72E2B20F800A88F7F /* PaywallView.swift */; };
		F18A5DFA2E2EF8B500A88F7F /* PaywallViewModel.swift in Sources */ = {isa = PBXBuildFile; fileRef = F18A5DF92E2EF8AB00A88F7F /* PaywallViewModel.swift */; };
		F18A5DFF2E2F639000A88F7F /* Teleprompter DE.storekit in Resources */ = {isa = PBXBuildFile; fileRef = F18A5DFE2E2F639000A88F7F /* Teleprompter DE.storekit */; };
		F19A86E22E27731400793DC3 /* TextInputViewModel.swift in Sources */ = {isa = PBXBuildFile; fileRef = F19A86E12E27731000793DC3 /* TextInputViewModel.swift */; };
		F19A86E62E27734E00793DC3 /* DocumentPicker.swift in Sources */ = {isa = PBXBuildFile; fileRef = F19A86E52E27734100793DC3 /* DocumentPicker.swift */; };
		F19A86EB2E287CCB00793DC3 /* AudioWaveformBarView.swift in Sources */ = {isa = PBXBuildFile; fileRef = F19A86EA2E287CC100793DC3 /* AudioWaveformBarView.swift */; };
		F19A86ED2E2A12F800793DC3 /* AccountDetailsView.swift in Sources */ = {isa = PBXBuildFile; fileRef = F19A86EC2E2A12F800793DC3 /* AccountDetailsView.swift */; };
		F19A86F32E2A263500793DC3 /* FeatureRequestView.swift in Sources */ = {isa = PBXBuildFile; fileRef = F19A86F22E2A263500793DC3 /* FeatureRequestView.swift */; };
		F19A86F52E2A26F600793DC3 /* TermsofuseView.swift in Sources */ = {isa = PBXBuildFile; fileRef = F19A86F42E2A26F600793DC3 /* TermsofuseView.swift */; };
		F1EF1B872E14FB6F000A8B9E /* SpeedSizeButtons.swift in Sources */ = {isa = PBXBuildFile; fileRef = F1EF1B862E14FB6F000A8B9E /* SpeedSizeButtons.swift */; };
		F1EF1B8B2E160016000A8B9E /* VideoButton.swift in Sources */ = {isa = PBXBuildFile; fileRef = F1EF1B8A2E160016000A8B9E /* VideoButton.swift */; };
		F1EF1B8D2E160256000A8B9E /* PlayButton.swift in Sources */ = {isa = PBXBuildFile; fileRef = F1EF1B8C2E160256000A8B9E /* PlayButton.swift */; };
/* End PBXBuildFile section */

/* Begin PBXFileReference section */
		F10871562CD8B55C00A3987E /* ResizeBar.swift */ = {isa = PBXFileReference; lastKnownFileType = sourcecode.swift; path = ResizeBar.swift; sourceTree = "<group>"; };
		F114EE5C2CDD831700E2EDA5 /* MotionManager.swift */ = {isa = PBXFileReference; lastKnownFileType = sourcecode.swift; path = MotionManager.swift; sourceTree = "<group>"; };
		F117D5AA2E136DA00048C2B7 /* ContentView.swift */ = {isa = PBXFileReference; lastKnownFileType = sourcecode.swift; path = ContentView.swift; sourceTree = "<group>"; };
		F142BFA92E36A01A00CA294D /* GoogleService-Info.plist */ = {isa = PBXFileReference; lastKnownFileType = text.plist.xml; path = "GoogleService-Info.plist"; sourceTree = "<group>"; };
		F142BFB12E380F9A00CA294D /* OnboardingView.swift */ = {isa = PBXFileReference; lastKnownFileType = sourcecode.swift; path = OnboardingView.swift; sourceTree = "<group>"; };
		F1439D4C2CC9F8E3000BD920 /* Lovetle.otf */ = {isa = PBXFileReference; lastKnownFileType = file; path = Lovetle.otf; sourceTree = "<group>"; };
		F1439D4D2CC9F8E3000BD920 /* Shape.otf */ = {isa = PBXFileReference; lastKnownFileType = file; path = Shape.otf; sourceTree = "<group>"; };
		F1439D532CC9F8E3000BD920 /* Preview Assets.xcassets */ = {isa = PBXFileReference; lastKnownFileType = folder.assetcatalog; path = "Preview Assets.xcassets"; sourceTree = "<group>"; };
		F1439D572CC9F8E3000BD920 /* Color.swift */ = {isa = PBXFileReference; lastKnownFileType = sourcecode.swift; path = Color.swift; sourceTree = "<group>"; };
		F1439D582CC9F8E3000BD920 /* Device.swift */ = {isa = PBXFileReference; lastKnownFileType = sourcecode.swift; path = Device.swift; sourceTree = "<group>"; };
		F1439D5A2CC9F8E3000BD920 /* Haptics.swift */ = {isa = PBXFileReference; lastKnownFileType = sourcecode.swift; path = Haptics.swift; sourceTree = "<group>"; };
		F1439D5D2CC9F8E3000BD920 /* ContentViewModel.swift */ = {isa = PBXFileReference; lastKnownFileType = sourcecode.swift; path = ContentViewModel.swift; sourceTree = "<group>"; };
		F1439D6D2CC9F8E3000BD920 /* BackgroundView.swift */ = {isa = PBXFileReference; lastKnownFileType = sourcecode.swift; path = BackgroundView.swift; sourceTree = "<group>"; };
		F1439D742CC9F8E3000BD920 /* ControlsView.swift */ = {isa = PBXFileReference; lastKnownFileType = sourcecode.swift; path = ControlsView.swift; sourceTree = "<group>"; };
		F1439D762CC9F8E3000BD920 /* PrompterView.swift */ = {isa = PBXFileReference; lastKnownFileType = sourcecode.swift; path = PrompterView.swift; sourceTree = "<group>"; };
		F1439D772CC9F8E3000BD920 /* SettingsView.swift */ = {isa = PBXFileReference; lastKnownFileType = sourcecode.swift; path = SettingsView.swift; sourceTree = "<group>"; };
		F1439D782CC9F8E3000BD920 /* TelepromterApp.swift */ = {isa = PBXFileReference; lastKnownFileType = sourcecode.swift; path = TelepromterApp.swift; sourceTree = "<group>"; };
		F1439D792CC9F8E3000BD920 /* TextinputView.swift */ = {isa = PBXFileReference; lastKnownFileType = sourcecode.swift; path = TextinputView.swift; sourceTree = "<group>"; };
		F1439D7B2CC9F8E3000BD920 /* Assets.xcassets */ = {isa = PBXFileReference; lastKnownFileType = folder.assetcatalog; path = Assets.xcassets; sourceTree = "<group>"; };
		F1439D7C2CC9F8E3000BD920 /* Info.plist */ = {isa = PBXFileReference; lastKnownFileType = text.plist.xml; path = Info.plist; sourceTree = "<group>"; };
		F14B83ED2DFB5E9E00471FA7 /* VideoCameraViewModel.swift */ = {isa = PBXFileReference; lastKnownFileType = sourcecode.swift; path = VideoCameraViewModel.swift; sourceTree = "<group>"; };
		F14B83EF2DFB5F6500471FA7 /* CameraView.swift */ = {isa = PBXFileReference; lastKnownFileType = sourcecode.swift; path = CameraView.swift; sourceTree = "<group>"; };
		F14B83F32DFB9E8D00471FA7 /* Helper.swift */ = {isa = PBXFileReference; lastKnownFileType = sourcecode.swift; path = Helper.swift; sourceTree = "<group>"; };
		F16134252CB4B4C000B7450B /* Teleprompter DE.app */ = {isa = PBXFileReference; explicitFileType = wrapper.application; includeInIndex = 0; path = "Teleprompter DE.app"; sourceTree = BUILT_PRODUCTS_DIR; };
		F18A5DF72E2B20F800A88F7F /* PaywallView.swift */ = {isa = PBXFileReference; lastKnownFileType = sourcecode.swift; path = PaywallView.swift; sourceTree = "<group>"; };
		F18A5DF92E2EF8AB00A88F7F /* PaywallViewModel.swift */ = {isa = PBXFileReference; lastKnownFileType = sourcecode.swift; path = PaywallViewModel.swift; sourceTree = "<group>"; };
		F18A5DFE2E2F639000A88F7F /* Teleprompter DE.storekit */ = {isa = PBXFileReference; lastKnownFileType = text; path = "Teleprompter DE.storekit"; sourceTree = "<group>"; };
		F19A86E12E27731000793DC3 /* TextInputViewModel.swift */ = {isa = PBXFileReference; lastKnownFileType = sourcecode.swift; path = TextInputViewModel.swift; sourceTree = "<group>"; };
		F19A86E52E27734100793DC3 /* DocumentPicker.swift */ = {isa = PBXFileReference; lastKnownFileType = sourcecode.swift; path = DocumentPicker.swift; sourceTree = "<group>"; };
		F19A86EA2E287CC100793DC3 /* AudioWaveformBarView.swift */ = {isa = PBXFileReference; lastKnownFileType = sourcecode.swift; path = AudioWaveformBarView.swift; sourceTree = "<group>"; };
		F19A86EC2E2A12F800793DC3 /* AccountDetailsView.swift */ = {isa = PBXFileReference; lastKnownFileType = sourcecode.swift; path = AccountDetailsView.swift; sourceTree = "<group>"; };
		F19A86F22E2A263500793DC3 /* FeatureRequestView.swift */ = {isa = PBXFileReference; lastKnownFileType = sourcecode.swift; path = FeatureRequestView.swift; sourceTree = "<group>"; };
		F19A86F42E2A26F600793DC3 /* TermsofuseView.swift */ = {isa = PBXFileReference; lastKnownFileType = sourcecode.swift; path = TermsofuseView.swift; sourceTree = "<group>"; };
		F19A86FA2E2ACFC400793DC3 /* StoreKit.framework */ = {isa = PBXFileReference; lastKnownFileType = wrapper.framework; name = StoreKit.framework; path = System/Library/Frameworks/StoreKit.framework; sourceTree = SDKROOT; };
		F1EF1B862E14FB6F000A8B9E /* SpeedSizeButtons.swift */ = {isa = PBXFileReference; lastKnownFileType = sourcecode.swift; path = SpeedSizeButtons.swift; sourceTree = "<group>"; };
		F1EF1B8A2E160016000A8B9E /* VideoButton.swift */ = {isa = PBXFileReference; lastKnownFileType = sourcecode.swift; path = VideoButton.swift; sourceTree = "<group>"; };
		F1EF1B8C2E160256000A8B9E /* PlayButton.swift */ = {isa = PBXFileReference; lastKnownFileType = sourcecode.swift; path = PlayButton.swift; sourceTree = "<group>"; };
/* End PBXFileReference section */

/* Begin PBXFrameworksBuildPhase section */
		F16134222CB4B4C000B7450B /* Frameworks */ = {
			isa = PBXFrameworksBuildPhase;
			buildActionMask = 2147483647;
			files = (
				F142BFAE2E36A2F800CA294D /* FirebaseDatabase in Frameworks */,
				F142BFB02E36A2F800CA294D /* FirebaseFirestore in Frameworks */,
				F142BFA82E369E2E00CA294D /* FirebaseCore in Frameworks */,
				F142BFAC2E36A0F900CA294D /* FirebaseStorage in Frameworks */,
			);
			runOnlyForDeploymentPostprocessing = 0;
		};
/* End PBXFrameworksBuildPhase section */

/* Begin PBXGroup section */
		F1439D4E2CC9F8E3000BD920 /* Fonts */ = {
			isa = PBXGroup;
			children = (
				F1439D4C2CC9F8E3000BD920 /* Lovetle.otf */,
				F1439D4D2CC9F8E3000BD920 /* Shape.otf */,
			);
			path = Fonts;
			sourceTree = "<group>";
		};
		F1439D552CC9F8E3000BD920 /* Preview Content */ = {
			isa = PBXGroup;
			children = (
				F1439D532CC9F8E3000BD920 /* Preview Assets.xcassets */,
			);
			path = "Preview Content";
			sourceTree = "<group>";
		};
		F1439D5C2CC9F8E3000BD920 /* Support */ = {
			isa = PBXGroup;
			children = (
				F19A86E52E27734100793DC3 /* DocumentPicker.swift */,
				F14B83F32DFB9E8D00471FA7 /* Helper.swift */,
				F1439D572CC9F8E3000BD920 /* Color.swift */,
				F1439D582CC9F8E3000BD920 /* Device.swift */,
				F1439D5A2CC9F8E3000BD920 /* Haptics.swift */,
				F114EE5C2CDD831700E2EDA5 /* MotionManager.swift */,
			);
			path = Support;
			sourceTree = "<group>";
		};
		F1439D5E2CC9F8E3000BD920 /* ViewModels */ = {
			isa = PBXGroup;
			children = (
				F18A5DF92E2EF8AB00A88F7F /* PaywallViewModel.swift */,
				F19A86E12E27731000793DC3 /* TextInputViewModel.swift */,
				F1439D5D2CC9F8E3000BD920 /* ContentViewModel.swift */,
				F14B83ED2DFB5E9E00471FA7 /* VideoCameraViewModel.swift */,
			);
			path = ViewModels;
			sourceTree = "<group>";
		};
		F1439D602CC9F8E3000BD920 /* Controls */ = {
			isa = PBXGroup;
			children = (
				F1EF1B8A2E160016000A8B9E /* VideoButton.swift */,
				F10871562CD8B55C00A3987E /* ResizeBar.swift */,
				F1EF1B8C2E160256000A8B9E /* PlayButton.swift */,
				F1EF1B862E14FB6F000A8B9E /* SpeedSizeButtons.swift */,
			);
			path = Controls;
			sourceTree = "<group>";
		};
		F1439D7A2CC9F8E3000BD920 /* Views */ = {
			isa = PBXGroup;
			children = (
				F19A86EA2E287CC100793DC3 /* AudioWaveformBarView.swift */,
				F1439D782CC9F8E3000BD920 /* TelepromterApp.swift */,
				F1439D6D2CC9F8E3000BD920 /* BackgroundView.swift */,
				F117D5AA2E136DA00048C2B7 /* ContentView.swift */,
				F1439D742CC9F8E3000BD920 /* ControlsView.swift */,
				F1439D762CC9F8E3000BD920 /* PrompterView.swift */,
				F1439D772CC9F8E3000BD920 /* SettingsView.swift */,
				F1439D792CC9F8E3000BD920 /* TextinputView.swift */,
				F14B83EF2DFB5F6500471FA7 /* CameraView.swift */,
				F19A86EC2E2A12F800793DC3 /* AccountDetailsView.swift */,
				F19A86F22E2A263500793DC3 /* FeatureRequestView.swift */,
				F19A86F42E2A26F600793DC3 /* TermsofuseView.swift */,
				F18A5DF72E2B20F800A88F7F /* PaywallView.swift */,
				F142BFB12E380F9A00CA294D /* OnboardingView.swift */,
			);
			path = Views;
			sourceTree = "<group>";
		};
		F1439D7D2CC9F8E3000BD920 /* Telepromter */ = {
			isa = PBXGroup;
			children = (
				F1439D4E2CC9F8E3000BD920 /* Fonts */,
				F1439D552CC9F8E3000BD920 /* Preview Content */,
				F1439D5C2CC9F8E3000BD920 /* Support */,
				F1439D602CC9F8E3000BD920 /* Controls */,
				F1439D5E2CC9F8E3000BD920 /* ViewModels */,
				F1439D7A2CC9F8E3000BD920 /* Views */,
				F1439D7B2CC9F8E3000BD920 /* Assets.xcassets */,
				F1439D7C2CC9F8E3000BD920 /* Info.plist */,
				F142BFA92E36A01A00CA294D /* GoogleService-Info.plist */,
			);
			path = Telepromter;
			sourceTree = "<group>";
		};
		F161341C2CB4B4C000B7450B = {
			isa = PBXGroup;
			children = (
				F18A5DFE2E2F639000A88F7F /* Teleprompter DE.storekit */,
				F1439D7D2CC9F8E3000BD920 /* Telepromter */,
				F19A86F92E2ACFC400793DC3 /* Frameworks */,
				F16134262CB4B4C000B7450B /* Products */,
			);
			sourceTree = "<group>";
		};
		F16134262CB4B4C000B7450B /* Products */ = {
			isa = PBXGroup;
			children = (
				F16134252CB4B4C000B7450B /* Teleprompter DE.app */,
			);
			name = Products;
			sourceTree = "<group>";
		};
		F19A86F92E2ACFC400793DC3 /* Frameworks */ = {
			isa = PBXGroup;
			children = (
				F19A86FA2E2ACFC400793DC3 /* StoreKit.framework */,
			);
			name = Frameworks;
			sourceTree = "<group>";
		};
/* End PBXGroup section */

/* Begin PBXNativeTarget section */
		F16134242CB4B4C000B7450B /* Teleprompter DE */ = {
			isa = PBXNativeTarget;
			buildConfigurationList = F16134492CB4B4C200B7450B /* Build configuration list for PBXNativeTarget "Teleprompter DE" */;
			buildPhases = (
				F16134212CB4B4C000B7450B /* Sources */,
				F16134222CB4B4C000B7450B /* Frameworks */,
				F16134232CB4B4C000B7450B /* Resources */,
			);
			buildRules = (
			);
			dependencies = (
			);
			name = "Teleprompter DE";
			packageProductDependencies = (
				F142BFA72E369E2E00CA294D /* FirebaseCore */,
				F142BFAB2E36A0F900CA294D /* FirebaseStorage */,
				F142BFAD2E36A2F800CA294D /* FirebaseDatabase */,
				F142BFAF2E36A2F800CA294D /* FirebaseFirestore */,
			);
			productName = Telepromter;
			productReference = F16134252CB4B4C000B7450B /* Teleprompter DE.app */;
			productType = "com.apple.product-type.application";
		};
/* End PBXNativeTarget section */

/* Begin PBXProject section */
		F161341D2CB4B4C000B7450B /* Project object */ = {
			isa = PBXProject;
			attributes = {
				BuildIndependentTargetsInParallel = 1;
				LastSwiftUpdateCheck = 1600;
				LastUpgradeCheck = 2600;
				TargetAttributes = {
					F16134242CB4B4C000B7450B = {
						CreatedOnToolsVersion = 16.0;
					};
				};
			};
			buildConfigurationList = F16134202CB4B4C000B7450B /* Build configuration list for PBXProject "Teleprompter DE" */;
			developmentRegion = en;
			hasScannedForEncodings = 0;
			knownRegions = (
				en,
				Base,
			);
			mainGroup = F161341C2CB4B4C000B7450B;
			minimizedProjectReferenceProxies = 1;
			packageReferences = (
				F142BFA62E369E2E00CA294D /* XCRemoteSwiftPackageReference "firebase-ios-sdk" */,
			);
			preferredProjectObjectVersion = 77;
			productRefGroup = F16134262CB4B4C000B7450B /* Products */;
			projectDirPath = "";
			projectRoot = "";
			targets = (
				F16134242CB4B4C000B7450B /* Teleprompter DE */,
			);
		};
/* End PBXProject section */

/* Begin PBXResourcesBuildPhase section */
		F16134232CB4B4C000B7450B /* Resources */ = {
			isa = PBXResourcesBuildPhase;
			buildActionMask = 2147483647;
			files = (
				F1439D7E2CC9F8E3000BD920 /* Lovetle.otf in Resources */,
				F1439D7F2CC9F8E3000BD920 /* Shape.otf in Resources */,
				F1439D802CC9F8E3000BD920 /* Preview Assets.xcassets in Resources */,
				F18A5DFF2E2F639000A88F7F /* Teleprompter DE.storekit in Resources */,
				F1439D812CC9F8E3000BD920 /* Assets.xcassets in Resources */,
				F142BFAA2E36A01B00CA294D /* GoogleService-Info.plist in Resources */,
			);
			runOnlyForDeploymentPostprocessing = 0;
		};
/* End PBXResourcesBuildPhase section */

/* Begin PBXSourcesBuildPhase section */
		F16134212CB4B4C000B7450B /* Sources */ = {
			isa = PBXSourcesBuildPhase;
			buildActionMask = 2147483647;
			files = (
				F19A86F32E2A263500793DC3 /* FeatureRequestView.swift in Sources */,
				F14B83EE2DFB5E9E00471FA7 /* VideoCameraViewModel.swift in Sources */,
				F142BFB22E380F9A00CA294D /* OnboardingView.swift in Sources */,
				F1439D8C2CC9F8E3000BD920 /* Color.swift in Sources */,
				F1439D8D2CC9F8E3000BD920 /* Device.swift in Sources */,
				F18A5DFA2E2EF8B500A88F7F /* PaywallViewModel.swift in Sources */,
				F14B83F02DFB5F6500471FA7 /* CameraView.swift in Sources */,
				F18A5DF82E2B20F800A88F7F /* PaywallView.swift in Sources */,
				F114EE5D2CDD831700E2EDA5 /* MotionManager.swift in Sources */,
				F14B83F42DFB9E9400471FA7 /* Helper.swift in Sources */,
				F1439D8F2CC9F8E3000BD920 /* Haptics.swift in Sources */,
				F19A86EB2E287CCB00793DC3 /* AudioWaveformBarView.swift in Sources */,
				F1439D912CC9F8E3000BD920 /* ContentViewModel.swift in Sources */,
				F19A86E22E27731400793DC3 /* TextInputViewModel.swift in Sources */,
				F1439D9B2CC9F8E3000BD920 /* BackgroundView.swift in Sources */,
				F19A86ED2E2A12F800793DC3 /* AccountDetailsView.swift in Sources */,
				F117D5AB2E136DA00048C2B7 /* ContentView.swift in Sources */,
				F19A86E62E27734E00793DC3 /* DocumentPicker.swift in Sources */,
				F1EF1B872E14FB6F000A8B9E /* SpeedSizeButtons.swift in Sources */,
				F10871572CD8B55C00A3987E /* ResizeBar.swift in Sources */,
				F1439DA22CC9F8E3000BD920 /* ControlsView.swift in Sources */,
				F1EF1B8D2E160256000A8B9E /* PlayButton.swift in Sources */,
				F1439DA42CC9F8E3000BD920 /* PrompterView.swift in Sources */,
				F1439DA52CC9F8E3000BD920 /* SettingsView.swift in Sources */,
				F1439DA62CC9F8E3000BD920 /* TelepromterApp.swift in Sources */,
				F1439DA72CC9F8E3000BD920 /* TextinputView.swift in Sources */,
				F1EF1B8B2E160016000A8B9E /* VideoButton.swift in Sources */,
				F19A86F52E2A26F600793DC3 /* TermsofuseView.swift in Sources */,
			);
			runOnlyForDeploymentPostprocessing = 0;
		};
/* End PBXSourcesBuildPhase section */

/* Begin XCBuildConfiguration section */
		F16134472CB4B4C200B7450B /* Debug */ = {
			isa = XCBuildConfiguration;
			buildSettings = {
				ALWAYS_SEARCH_USER_PATHS = NO;
				ASSETCATALOG_COMPILER_GENERATE_SWIFT_ASSET_SYMBOL_EXTENSIONS = YES;
				CLANG_ANALYZER_NONNULL = YES;
				CLANG_ANALYZER_NUMBER_OBJECT_CONVERSION = YES_AGGRESSIVE;
				CLANG_CXX_LANGUAGE_STANDARD = "gnu++20";
				CLANG_ENABLE_MODULES = YES;
				CLANG_ENABLE_OBJC_ARC = YES;
				CLANG_ENABLE_OBJC_WEAK = YES;
				CLANG_WARN_BLOCK_CAPTURE_AUTORELEASING = YES;
				CLANG_WARN_BOOL_CONVERSION = YES;
				CLANG_WARN_COMMA = YES;
				CLANG_WARN_CONSTANT_CONVERSION = YES;
				CLANG_WARN_DEPRECATED_OBJC_IMPLEMENTATIONS = YES;
				CLANG_WARN_DIRECT_OBJC_ISA_USAGE = YES_ERROR;
				CLANG_WARN_DOCUMENTATION_COMMENTS = YES;
				CLANG_WARN_EMPTY_BODY = YES;
				CLANG_WARN_ENUM_CONVERSION = YES;
				CLANG_WARN_INFINITE_RECURSION = YES;
				CLANG_WARN_INT_CONVERSION = YES;
				CLANG_WARN_NON_LITERAL_NULL_CONVERSION = YES;
				CLANG_WARN_OBJC_IMPLICIT_RETAIN_SELF = YES;
				CLANG_WARN_OBJC_LITERAL_CONVERSION = YES;
				CLANG_WARN_OBJC_ROOT_CLASS = YES_ERROR;
				CLANG_WARN_QUOTED_INCLUDE_IN_FRAMEWORK_HEADER = YES;
				CLANG_WARN_RANGE_LOOP_ANALYSIS = YES;
				CLANG_WARN_STRICT_PROTOTYPES = YES;
				CLANG_WARN_SUSPICIOUS_MOVE = YES;
				CLANG_WARN_UNGUARDED_AVAILABILITY = YES_AGGRESSIVE;
				CLANG_WARN_UNREACHABLE_CODE = YES;
				CLANG_WARN__DUPLICATE_METHOD_MATCH = YES;
				COPY_PHASE_STRIP = NO;
				DEBUG_INFORMATION_FORMAT = dwarf;
				DEVELOPMENT_TEAM = XB5JX3FLJQ;
				ENABLE_STRICT_OBJC_MSGSEND = YES;
				ENABLE_TESTABILITY = YES;
				ENABLE_USER_SCRIPT_SANDBOXING = YES;
				GCC_C_LANGUAGE_STANDARD = gnu17;
				GCC_DYNAMIC_NO_PIC = NO;
				GCC_NO_COMMON_BLOCKS = YES;
				GCC_OPTIMIZATION_LEVEL = 0;
				GCC_PREPROCESSOR_DEFINITIONS = (
					"DEBUG=1",
					"$(inherited)",
				);
				GCC_WARN_64_TO_32_BIT_CONVERSION = YES;
				GCC_WARN_ABOUT_RETURN_TYPE = YES_ERROR;
				GCC_WARN_UNDECLARED_SELECTOR = YES;
				GCC_WARN_UNINITIALIZED_AUTOS = YES_AGGRESSIVE;
				GCC_WARN_UNUSED_FUNCTION = YES;
				GCC_WARN_UNUSED_VARIABLE = YES;
				IPHONEOS_DEPLOYMENT_TARGET = 18.0;
				LOCALIZATION_PREFERS_STRING_CATALOGS = YES;
				MTL_ENABLE_DEBUG_INFO = INCLUDE_SOURCE;
				MTL_FAST_MATH = YES;
				ONLY_ACTIVE_ARCH = YES;
				SDKROOT = iphoneos;
				STRING_CATALOG_GENERATE_SYMBOLS = YES;
				SWIFT_ACTIVE_COMPILATION_CONDITIONS = "DEBUG $(inherited)";
				SWIFT_OPTIMIZATION_LEVEL = "-Onone";
			};
			name = Debug;
		};
		F16134482CB4B4C200B7450B /* Release */ = {
			isa = XCBuildConfiguration;
			buildSettings = {
				ALWAYS_SEARCH_USER_PATHS = NO;
				ASSETCATALOG_COMPILER_GENERATE_SWIFT_ASSET_SYMBOL_EXTENSIONS = YES;
				CLANG_ANALYZER_NONNULL = YES;
				CLANG_ANALYZER_NUMBER_OBJECT_CONVERSION = YES_AGGRESSIVE;
				CLANG_CXX_LANGUAGE_STANDARD = "gnu++20";
				CLANG_ENABLE_MODULES = YES;
				CLANG_ENABLE_OBJC_ARC = YES;
				CLANG_ENABLE_OBJC_WEAK = YES;
				CLANG_WARN_BLOCK_CAPTURE_AUTORELEASING = YES;
				CLANG_WARN_BOOL_CONVERSION = YES;
				CLANG_WARN_COMMA = YES;
				CLANG_WARN_CONSTANT_CONVERSION = YES;
				CLANG_WARN_DEPRECATED_OBJC_IMPLEMENTATIONS = YES;
				CLANG_WARN_DIRECT_OBJC_ISA_USAGE = YES_ERROR;
				CLANG_WARN_DOCUMENTATION_COMMENTS = YES;
				CLANG_WARN_EMPTY_BODY = YES;
				CLANG_WARN_ENUM_CONVERSION = YES;
				CLANG_WARN_INFINITE_RECURSION = YES;
				CLANG_WARN_INT_CONVERSION = YES;
				CLANG_WARN_NON_LITERAL_NULL_CONVERSION = YES;
				CLANG_WARN_OBJC_IMPLICIT_RETAIN_SELF = YES;
				CLANG_WARN_OBJC_LITERAL_CONVERSION = YES;
				CLANG_WARN_OBJC_ROOT_CLASS = YES_ERROR;
				CLANG_WARN_QUOTED_INCLUDE_IN_FRAMEWORK_HEADER = YES;
				CLANG_WARN_RANGE_LOOP_ANALYSIS = YES;
				CLANG_WARN_STRICT_PROTOTYPES = YES;
				CLANG_WARN_SUSPICIOUS_MOVE = YES;
				CLANG_WARN_UNGUARDED_AVAILABILITY = YES_AGGRESSIVE;
				CLANG_WARN_UNREACHABLE_CODE = YES;
				CLANG_WARN__DUPLICATE_METHOD_MATCH = YES;
				COPY_PHASE_STRIP = NO;
				DEBUG_INFORMATION_FORMAT = "dwarf-with-dsym";
				DEVELOPMENT_TEAM = XB5JX3FLJQ;
				ENABLE_NS_ASSERTIONS = NO;
				ENABLE_STRICT_OBJC_MSGSEND = YES;
				ENABLE_USER_SCRIPT_SANDBOXING = YES;
				GCC_C_LANGUAGE_STANDARD = gnu17;
				GCC_NO_COMMON_BLOCKS = YES;
				GCC_WARN_64_TO_32_BIT_CONVERSION = YES;
				GCC_WARN_ABOUT_RETURN_TYPE = YES_ERROR;
				GCC_WARN_UNDECLARED_SELECTOR = YES;
				GCC_WARN_UNINITIALIZED_AUTOS = YES_AGGRESSIVE;
				GCC_WARN_UNUSED_FUNCTION = YES;
				GCC_WARN_UNUSED_VARIABLE = YES;
				IPHONEOS_DEPLOYMENT_TARGET = 18.0;
				LOCALIZATION_PREFERS_STRING_CATALOGS = YES;
				MTL_ENABLE_DEBUG_INFO = NO;
				MTL_FAST_MATH = YES;
				SDKROOT = iphoneos;
				STRING_CATALOG_GENERATE_SYMBOLS = YES;
				SWIFT_COMPILATION_MODE = wholemodule;
				VALIDATE_PRODUCT = YES;
			};
			name = Release;
		};
		F161344A2CB4B4C200B7450B /* Debug */ = {
			isa = XCBuildConfiguration;
			buildSettings = {
				ASSETCATALOG_COMPILER_APPICON_NAME = AppIcon;
				ASSETCATALOG_COMPILER_GLOBAL_ACCENT_COLOR_NAME = AccentColor;
				CODE_SIGN_STYLE = Automatic;
				CURRENT_PROJECT_VERSION = 1;
				DEVELOPMENT_ASSET_PATHS = "\"Telepromter/Preview Content\"";
				ENABLE_PREVIEWS = YES;
				GENERATE_INFOPLIST_FILE = YES;
				INFOPLIST_FILE = Telepromter/Info.plist;
				INFOPLIST_KEY_CFBundleDisplayName = "Teleprompter DE";
				INFOPLIST_KEY_ITSAppUsesNonExemptEncryption = NO;
				INFOPLIST_KEY_LSApplicationCategoryType = "public.app-category.utilities";
				INFOPLIST_KEY_LSSupportsOpeningDocumentsInPlace = YES;
				INFOPLIST_KEY_NSCameraUsageDescription = "To capture videos";
				INFOPLIST_KEY_NSFileProviderDomainUsageDescription = "Allow access to files for importing text into the Teleprompter.";
				INFOPLIST_KEY_NSLocationWhenInUseUsageDescription = "Camera uses your location to tag where videos are taken.";
				INFOPLIST_KEY_NSMicrophoneUsageDescription = "This app uses the microphone to recognize speech";
				INFOPLIST_KEY_NSPhotoLibraryUsageDescription = "To save captured videos.";
				INFOPLIST_KEY_NSSpeechRecognitionUsageDescription = "This app uses the microphone to recognize speech";
				INFOPLIST_KEY_UIApplicationSceneManifest_Generation = YES;
				INFOPLIST_KEY_UIApplicationSupportsIndirectInputEvents = YES;
				INFOPLIST_KEY_UILaunchScreen_Generation = YES;
				INFOPLIST_KEY_UISupportedInterfaceOrientations = "UIInterfaceOrientationLandscapeLeft UIInterfaceOrientationLandscapeRight UIInterfaceOrientationPortrait";
				INFOPLIST_KEY_UISupportedInterfaceOrientations_iPad = "UIInterfaceOrientationLandscapeLeft UIInterfaceOrientationLandscapeRight UIInterfaceOrientationPortrait UIInterfaceOrientationPortraitUpsideDown";
				IPHONEOS_DEPLOYMENT_TARGET = 18.0;
				LD_RUNPATH_SEARCH_PATHS = (
					"$(inherited)",
					"@executable_path/Frameworks",
				);
				MARKETING_VERSION = 1.5;
				PRODUCT_BUNDLE_IDENTIFIER = com.hennk.TeleprompterDE;
				PRODUCT_NAME = "$(TARGET_NAME)";
				SUPPORTED_PLATFORMS = "iphoneos iphonesimulator";
				SUPPORTS_MACCATALYST = NO;
				SUPPORTS_XR_DESIGNED_FOR_IPHONE_IPAD = NO;
				SWIFT_EMIT_LOC_STRINGS = YES;
				SWIFT_VERSION = 5.0;
				TARGETED_DEVICE_FAMILY = "1,2";
			};
			name = Debug;
		};
		F161344B2CB4B4C200B7450B /* Release */ = {
			isa = XCBuildConfiguration;
			buildSettings = {
				ASSETCATALOG_COMPILER_APPICON_NAME = AppIcon;
				ASSETCATALOG_COMPILER_GLOBAL_ACCENT_COLOR_NAME = AccentColor;
				CODE_SIGN_STYLE = Automatic;
				CURRENT_PROJECT_VERSION = 1;
				DEVELOPMENT_ASSET_PATHS = "\"Telepromter/Preview Content\"";
				ENABLE_PREVIEWS = YES;
				GENERATE_INFOPLIST_FILE = YES;
				INFOPLIST_FILE = Telepromter/Info.plist;
				INFOPLIST_KEY_CFBundleDisplayName = "Teleprompter DE";
				INFOPLIST_KEY_ITSAppUsesNonExemptEncryption = NO;
				INFOPLIST_KEY_LSApplicationCategoryType = "public.app-category.utilities";
				INFOPLIST_KEY_LSSupportsOpeningDocumentsInPlace = YES;
				INFOPLIST_KEY_NSCameraUsageDescription = "To capture videos";
				INFOPLIST_KEY_NSFileProviderDomainUsageDescription = "Allow access to files for importing text into the Teleprompter.";
				INFOPLIST_KEY_NSLocationWhenInUseUsageDescription = "Camera uses your location to tag where videos are taken.";
				INFOPLIST_KEY_NSMicrophoneUsageDescription = "This app uses the microphone to recognize speech";
				INFOPLIST_KEY_NSPhotoLibraryUsageDescription = "To save captured videos.";
				INFOPLIST_KEY_NSSpeechRecognitionUsageDescription = "This app uses the microphone to recognize speech";
				INFOPLIST_KEY_UIApplicationSceneManifest_Generation = YES;
				INFOPLIST_KEY_UIApplicationSupportsIndirectInputEvents = YES;
				INFOPLIST_KEY_UILaunchScreen_Generation = YES;
				INFOPLIST_KEY_UISupportedInterfaceOrientations = "UIInterfaceOrientationLandscapeLeft UIInterfaceOrientationLandscapeRight UIInterfaceOrientationPortrait";
				INFOPLIST_KEY_UISupportedInterfaceOrientations_iPad = "UIInterfaceOrientationLandscapeLeft UIInterfaceOrientationLandscapeRight UIInterfaceOrientationPortrait UIInterfaceOrientationPortraitUpsideDown";
				IPHONEOS_DEPLOYMENT_TARGET = 18.0;
				LD_RUNPATH_SEARCH_PATHS = (
					"$(inherited)",
					"@executable_path/Frameworks",
				);
				MARKETING_VERSION = 1.5;
				PRODUCT_BUNDLE_IDENTIFIER = com.hennk.TeleprompterDE;
				PRODUCT_NAME = "$(TARGET_NAME)";
				SUPPORTED_PLATFORMS = "iphoneos iphonesimulator";
				SUPPORTS_MACCATALYST = NO;
				SUPPORTS_XR_DESIGNED_FOR_IPHONE_IPAD = NO;
				SWIFT_EMIT_LOC_STRINGS = YES;
				SWIFT_VERSION = 5.0;
				TARGETED_DEVICE_FAMILY = "1,2";
			};
			name = Release;
		};
/* End XCBuildConfiguration section */

/* Begin XCConfigurationList section */
		F16134202CB4B4C000B7450B /* Build configuration list for PBXProject "Teleprompter DE" */ = {
			isa = XCConfigurationList;
			buildConfigurations = (
				F16134472CB4B4C200B7450B /* Debug */,
				F16134482CB4B4C200B7450B /* Release */,
			);
			defaultConfigurationIsVisible = 0;
			defaultConfigurationName = Release;
		};
		F16134492CB4B4C200B7450B /* Build configuration list for PBXNativeTarget "Teleprompter DE" */ = {
			isa = XCConfigurationList;
			buildConfigurations = (
				F161344A2CB4B4C200B7450B /* Debug */,
				F161344B2CB4B4C200B7450B /* Release */,
			);
			defaultConfigurationIsVisible = 0;
			defaultConfigurationName = Release;
		};
/* End XCConfigurationList section */

/* Begin XCRemoteSwiftPackageReference section */
		F142BFA62E369E2E00CA294D /* XCRemoteSwiftPackageReference "firebase-ios-sdk" */ = {
			isa = XCRemoteSwiftPackageReference;
			repositoryURL = "https://github.com/firebase/firebase-ios-sdk.git";
			requirement = {
				kind = upToNextMajorVersion;
				minimumVersion = 12.0.0;
			};
		};
/* End XCRemoteSwiftPackageReference section */

/* Begin XCSwiftPackageProductDependency section */
		F142BFA72E369E2E00CA294D /* FirebaseCore */ = {
			isa = XCSwiftPackageProductDependency;
			package = F142BFA62E369E2E00CA294D /* XCRemoteSwiftPackageReference "firebase-ios-sdk" */;
			productName = FirebaseCore;
		};
		F142BFAB2E36A0F900CA294D /* FirebaseStorage */ = {
			isa = XCSwiftPackageProductDependency;
			package = F142BFA62E369E2E00CA294D /* XCRemoteSwiftPackageReference "firebase-ios-sdk" */;
			productName = FirebaseStorage;
		};
		F142BFAD2E36A2F800CA294D /* FirebaseDatabase */ = {
			isa = XCSwiftPackageProductDependency;
			package = F142BFA62E369E2E00CA294D /* XCRemoteSwiftPackageReference "firebase-ios-sdk" */;
			productName = FirebaseDatabase;
		};
		F142BFAF2E36A2F800CA294D /* FirebaseFirestore */ = {
			isa = XCSwiftPackageProductDependency;
			package = F142BFA62E369E2E00CA294D /* XCRemoteSwiftPackageReference "firebase-ios-sdk" */;
			productName = FirebaseFirestore;
		};
/* End XCSwiftPackageProductDependency section */
	};
	rootObject = F161341D2CB4B4C000B7450B /* Project object */;
}
